
Microsoft Visual Studio Solution File, Format Version 12.00
# Visual Studio Version 17
VisualStudioVersion = 17.6.33829.357
MinimumVisualStudioVersion = 10.0.40219.1
Project("{9A19103F-16F7-4668-BE54-9A1E7A4F7556}") = "CarRental.Api", "CarRental.Api\CarRental.Api.csproj", "{D88AED78-BDB3-46A8-8917-37A98E2048BA}"
EndProject
Project("{2150E333-8FDC-42A3-9474-1A3956D46DE8}") = "src", "src", "{E1A741D6-5677-4F53-A120-3E0E4F4619EA}"
EndProject
Project("{9A19103F-16F7-4668-BE54-9A1E7A4F7556}") = "CarRental.Domain", "CarRental.Domain\CarRental.Domain.csproj", "{19AE91D5-5E31-413D-AA69-01BE784A2A1D}"
EndProject
Project("{9A19103F-16F7-4668-BE54-9A1E7A4F7556}") = "CarRental.Application", "CarRental.Application\CarRental.Application.csproj", "{12C2E5C7-0348-4A4B-943B-865468E2A22D}"
EndProject
Project("{2150E333-8FDC-42A3-9474-1A3956D46DE8}") = "Core", "Core", "{C98B722E-DA62-49FB-829F-EE39C26D67F9}"
EndProject
Project("{9A19103F-16F7-4668-BE54-9A1E7A4F7556}") = "CarRental.Infrastructure", "CarRental.Infrastructure\CarRental.Infrastructure.csproj", "{D3D1460A-F8A7-4906-9E0C-69C9BC0EDAAE}"
EndProject
Project("{9A19103F-16F7-4668-BE54-9A1E7A4F7556}") = "CarRental.Utility", "CarRental.Utility\CarRental.Utility.csproj", "{DEB5DB19-0B3C-4201-9C6B-CEF16AB3B01A}"
EndProject
Project("{9A19103F-16F7-4668-BE54-9A1E7A4F7556}") = "CarRental.UnitTests", "CarRental.Tests\CarRental.UnitTests.csproj", "{E59FC677-98A7-4D93-92BA-526D111485C1}"
EndProject
Project("{2150E333-8FDC-42A3-9474-1A3956D46DE8}") = "tests", "tests", "{D452149E-BD64-4D0D-919C-D58B5553CAEE}"
EndProject
Project("{9A19103F-16F7-4668-BE54-9A1E7A4F7556}") = "CarRental.IntegrationTests", "CarRental.IntegrationTests\CarRental.IntegrationTests.csproj", "{E7D48EB8-5CAD-4769-A4E9-C965B060067A}"
EndProject
Project("{E53339B2-1760-4266-BCC7-CA923CBCF16C}") = "docker-compose", "docker-compose.dcproj", "{F4F1DD01-2AFF-4BAD-9B03-9237B21B3F89}"
EndProject
Global
	GlobalSection(SolutionConfigurationPlatforms) = preSolution
		Debug|Any CPU = Debug|Any CPU
		Release|Any CPU = Release|Any CPU
	EndGlobalSection
	GlobalSection(ProjectConfigurationPlatforms) = postSolution
		{D88AED78-BDB3-46A8-8917-37A98E2048BA}.Debug|Any CPU.ActiveCfg = Debug|Any CPU
		{D88AED78-BDB3-46A8-8917-37A98E2048BA}.Debug|Any CPU.Build.0 = Debug|Any CPU
		{D88AED78-BDB3-46A8-8917-37A98E2048BA}.Release|Any CPU.ActiveCfg = Release|Any CPU
		{D88AED78-BDB3-46A8-8917-37A98E2048BA}.Release|Any CPU.Build.0 = Release|Any CPU
		{19AE91D5-5E31-413D-AA69-01BE784A2A1D}.Debug|Any CPU.ActiveCfg = Debug|Any CPU
		{19AE91D5-5E31-413D-AA69-01BE784A2A1D}.Debug|Any CPU.Build.0 = Debug|Any CPU
		{19AE91D5-5E31-413D-AA69-01BE784A2A1D}.Release|Any CPU.ActiveCfg = Release|Any CPU
		{19AE91D5-5E31-413D-AA69-01BE784A2A1D}.Release|Any CPU.Build.0 = Release|Any CPU
		{12C2E5C7-0348-4A4B-943B-865468E2A22D}.Debug|Any CPU.ActiveCfg = Debug|Any CPU
		{12C2E5C7-0348-4A4B-943B-865468E2A22D}.Debug|Any CPU.Build.0 = Debug|Any CPU
		{12C2E5C7-0348-4A4B-943B-865468E2A22D}.Release|Any CPU.ActiveCfg = Release|Any CPU
		{12C2E5C7-0348-4A4B-943B-865468E2A22D}.Release|Any CPU.Build.0 = Release|Any CPU
		{D3D1460A-F8A7-4906-9E0C-69C9BC0EDAAE}.Debug|Any CPU.ActiveCfg = Debug|Any CPU
		{D3D1460A-F8A7-4906-9E0C-69C9BC0EDAAE}.Debug|Any CPU.Build.0 = Debug|Any CPU
		{D3D1460A-F8A7-4906-9E0C-69C9BC0EDAAE}.Release|Any CPU.ActiveCfg = Release|Any CPU
		{D3D1460A-F8A7-4906-9E0C-69C9BC0EDAAE}.Release|Any CPU.Build.0 = Release|Any CPU
		{DEB5DB19-0B3C-4201-9C6B-CEF16AB3B01A}.Debug|Any CPU.ActiveCfg = Debug|Any CPU
		{DEB5DB19-0B3C-4201-9C6B-CEF16AB3B01A}.Debug|Any CPU.Build.0 = Debug|Any CPU
		{DEB5DB19-0B3C-4201-9C6B-CEF16AB3B01A}.Release|Any CPU.ActiveCfg = Release|Any CPU
		{DEB5DB19-0B3C-4201-9C6B-CEF16AB3B01A}.Release|Any CPU.Build.0 = Release|Any CPU
		{E59FC677-98A7-4D93-92BA-526D111485C1}.Debug|Any CPU.ActiveCfg = Debug|Any CPU
		{E59FC677-98A7-4D93-92BA-526D111485C1}.Debug|Any CPU.Build.0 = Debug|Any CPU
		{E59FC677-98A7-4D93-92BA-526D111485C1}.Release|Any CPU.ActiveCfg = Release|Any CPU
		{E59FC677-98A7-4D93-92BA-526D111485C1}.Release|Any CPU.Build.0 = Release|Any CPU
		{E7D48EB8-5CAD-4769-A4E9-C965B060067A}.Debug|Any CPU.ActiveCfg = Debug|Any CPU
		{E7D48EB8-5CAD-4769-A4E9-C965B060067A}.Debug|Any CPU.Build.0 = Debug|Any CPU
		{E7D48EB8-5CAD-4769-A4E9-C965B060067A}.Release|Any CPU.ActiveCfg = Release|Any CPU
		{E7D48EB8-5CAD-4769-A4E9-C965B060067A}.Release|Any CPU.Build.0 = Release|Any CPU
		{F4F1DD01-2AFF-4BAD-9B03-9237B21B3F89}.Debug|Any CPU.ActiveCfg = Debug|Any CPU
		{F4F1DD01-2AFF-4BAD-9B03-9237B21B3F89}.Debug|Any CPU.Build.0 = Debug|Any CPU
		{F4F1DD01-2AFF-4BAD-9B03-9237B21B3F89}.Release|Any CPU.ActiveCfg = Release|Any CPU
		{F4F1DD01-2AFF-4BAD-9B03-9237B21B3F89}.Release|Any CPU.Build.0 = Release|Any CPU
	EndGlobalSection
	GlobalSection(SolutionProperties) = preSolution
		HideSolutionNode = FALSE
	EndGlobalSection
	GlobalSection(NestedProjects) = preSolution
		{19AE91D5-5E31-413D-AA69-01BE784A2A1D} = {C98B722E-DA62-49FB-829F-EE39C26D67F9}
		{12C2E5C7-0348-4A4B-943B-865468E2A22D} = {C98B722E-DA62-49FB-829F-EE39C26D67F9}
		{C98B722E-DA62-49FB-829F-EE39C26D67F9} = {E1A741D6-5677-4F53-A120-3E0E4F4619EA}
		{D3D1460A-F8A7-4906-9E0C-69C9BC0EDAAE} = {E1A741D6-5677-4F53-A120-3E0E4F4619EA}
		{DEB5DB19-0B3C-4201-9C6B-CEF16AB3B01A} = {E1A741D6-5677-4F53-A120-3E0E4F4619EA}
		{E59FC677-98A7-4D93-92BA-526D111485C1} = {D452149E-BD64-4D0D-919C-D58B5553CAEE}
		{E7D48EB8-5CAD-4769-A4E9-C965B060067A} = {D452149E-BD64-4D0D-919C-D58B5553CAEE}
	EndGlobalSection
	GlobalSection(ExtensibilityGlobals) = postSolution
		SolutionGuid = {789A298D-E9F6-440B-A1DD-52C7FD2C0E5F}
	EndGlobalSection
EndGlobal
